// !$*UTF8*$!
{
	archiveVersion = 1;
	classes = {
	};
	objectVersion = 46;
	objects = {

/* Begin PBXBuildFile section */
		4701FDA71EA2F67400761243 /* CommentTableViewCell.swift in Sources */ = {isa = PBXBuildFile; fileRef = 4701FDA61EA2F67400761243 /* CommentTableViewCell.swift */; };
		4744EE781E9D384800DAAA4B /* MapViewController.swift in Sources */ = {isa = PBXBuildFile; fileRef = 4744EE771E9D384800DAAA4B /* MapViewController.swift */; };
		475D1E241EA9BDE000B270CA /* RegisterPageViewController.swift in Sources */ = {isa = PBXBuildFile; fileRef = 475D1E231EA9BDE000B270CA /* RegisterPageViewController.swift */; };
		475D1E261EA9BDFE00B270CA /* LoginViewController.swift in Sources */ = {isa = PBXBuildFile; fileRef = 475D1E251EA9BDFE00B270CA /* LoginViewController.swift */; };
		475D1E281EA9BE0A00B270CA /* ResortPageViewController.swift in Sources */ = {isa = PBXBuildFile; fileRef = 475D1E271EA9BE0A00B270CA /* ResortPageViewController.swift */; };
		475D1E2A1EA9C17500B270CA /* SecondMapViewController.swift in Sources */ = {isa = PBXBuildFile; fileRef = 475D1E291EA9C17500B270CA /* SecondMapViewController.swift */; };
		47F59C031E81952300E1A71A /* AppDelegate.swift in Sources */ = {isa = PBXBuildFile; fileRef = 47F59C021E81952300E1A71A /* AppDelegate.swift */; };
		47F59C051E81952300E1A71A /* ViewController.swift in Sources */ = {isa = PBXBuildFile; fileRef = 47F59C041E81952300E1A71A /* ViewController.swift */; };
		47F59C081E81952300E1A71A /* Main.storyboard in Resources */ = {isa = PBXBuildFile; fileRef = 47F59C061E81952300E1A71A /* Main.storyboard */; };
		47F59C0B1E81952300E1A71A /* PrototypeTwo.xcdatamodeld in Sources */ = {isa = PBXBuildFile; fileRef = 47F59C091E81952300E1A71A /* PrototypeTwo.xcdatamodeld */; };
		47F59C0D1E81952300E1A71A /* Assets.xcassets in Resources */ = {isa = PBXBuildFile; fileRef = 47F59C0C1E81952300E1A71A /* Assets.xcassets */; };
		47F59C101E81952300E1A71A /* LaunchScreen.storyboard in Resources */ = {isa = PBXBuildFile; fileRef = 47F59C0E1E81952300E1A71A /* LaunchScreen.storyboard */; };
		47F59C1B1E81952400E1A71A /* RateMyRunTests.swift in Sources */ = {isa = PBXBuildFile; fileRef = 47F59C1A1E81952400E1A71A /* RateMyRunTests.swift */; };
		47F59C301E843A6C00E1A71A /* CommentTableViewController.swift in Sources */ = {isa = PBXBuildFile; fileRef = 47F59C2F1E843A6C00E1A71A /* CommentTableViewController.swift */; };
		47F9B85F1E96AB8E007121DD /* WriteCommentViewController.swift in Sources */ = {isa = PBXBuildFile; fileRef = 47F9B85E1E96AB8E007121DD /* WriteCommentViewController.swift */; };
		47F9B8611E96AFA1007121DD /* CosmosDistrib.swift in Sources */ = {isa = PBXBuildFile; fileRef = 47F9B8601E96AFA1007121DD /* CosmosDistrib.swift */; };
		D6B0129C1EAF99FB00C96B94 /* Mineral.jpg in Resources */ = {isa = PBXBuildFile; fileRef = D6B0129B1EAF99FB00C96B94 /* Mineral.jpg */; };
		D6B0129E1EAF9A0400C96B94 /* snowbirdMap.jpg in Resources */ = {isa = PBXBuildFile; fileRef = D6B0129D1EAF9A0400C96B94 /* snowbirdMap.jpg */; };
		D6B012A01EAF9A0B00C96B94 /* splash.jpg in Resources */ = {isa = PBXBuildFile; fileRef = D6B0129F1EAF9A0B00C96B94 /* splash.jpg */; };
/* End PBXBuildFile section */

/* Begin PBXContainerItemProxy section */
		47F59C171E81952400E1A71A /* PBXContainerItemProxy */ = {
			isa = PBXContainerItemProxy;
			containerPortal = 47F59BF71E81952300E1A71A /* Project object */;
			proxyType = 1;
			remoteGlobalIDString = 47F59BFE1E81952300E1A71A;
			remoteInfo = PrototypeTwo;
		};
/* End PBXContainerItemProxy section */

/* Begin PBXFileReference section */
		4701FDA61EA2F67400761243 /* CommentTableViewCell.swift */ = {isa = PBXFileReference; fileEncoding = 4; lastKnownFileType = sourcecode.swift; path = CommentTableViewCell.swift; sourceTree = "<group>"; };
		4744EE771E9D384800DAAA4B /* MapViewController.swift */ = {isa = PBXFileReference; fileEncoding = 4; lastKnownFileType = sourcecode.swift; path = MapViewController.swift; sourceTree = "<group>"; };
		475D1E231EA9BDE000B270CA /* RegisterPageViewController.swift */ = {isa = PBXFileReference; fileEncoding = 4; lastKnownFileType = sourcecode.swift; path = RegisterPageViewController.swift; sourceTree = "<group>"; };
		475D1E251EA9BDFE00B270CA /* LoginViewController.swift */ = {isa = PBXFileReference; fileEncoding = 4; lastKnownFileType = sourcecode.swift; path = LoginViewController.swift; sourceTree = "<group>"; };
		475D1E271EA9BE0A00B270CA /* ResortPageViewController.swift */ = {isa = PBXFileReference; fileEncoding = 4; lastKnownFileType = sourcecode.swift; path = ResortPageViewController.swift; sourceTree = "<group>"; };
		475D1E291EA9C17500B270CA /* SecondMapViewController.swift */ = {isa = PBXFileReference; fileEncoding = 4; lastKnownFileType = sourcecode.swift; path = SecondMapViewController.swift; sourceTree = "<group>"; };
		47F59BFF1E81952300E1A71A /* RateMyRun.app */ = {isa = PBXFileReference; explicitFileType = wrapper.application; includeInIndex = 0; path = RateMyRun.app; sourceTree = BUILT_PRODUCTS_DIR; };
		47F59C021E81952300E1A71A /* AppDelegate.swift */ = {isa = PBXFileReference; lastKnownFileType = sourcecode.swift; path = AppDelegate.swift; sourceTree = "<group>"; };
		47F59C041E81952300E1A71A /* ViewController.swift */ = {isa = PBXFileReference; lastKnownFileType = sourcecode.swift; path = ViewController.swift; sourceTree = "<group>"; };
		47F59C071E81952300E1A71A /* Base */ = {isa = PBXFileReference; lastKnownFileType = file.storyboard; name = Base; path = Base.lproj/Main.storyboard; sourceTree = "<group>"; };
		47F59C0A1E81952300E1A71A /* PrototypeTwo.xcdatamodel */ = {isa = PBXFileReference; lastKnownFileType = wrapper.xcdatamodel; path = PrototypeTwo.xcdatamodel; sourceTree = "<group>"; };
		47F59C0C1E81952300E1A71A /* Assets.xcassets */ = {isa = PBXFileReference; lastKnownFileType = folder.assetcatalog; path = Assets.xcassets; sourceTree = "<group>"; };
		47F59C0F1E81952300E1A71A /* Base */ = {isa = PBXFileReference; lastKnownFileType = file.storyboard; name = Base; path = Base.lproj/LaunchScreen.storyboard; sourceTree = "<group>"; };
		47F59C111E81952300E1A71A /* Info.plist */ = {isa = PBXFileReference; lastKnownFileType = text.plist.xml; path = Info.plist; sourceTree = "<group>"; };
		47F59C161E81952400E1A71A /* RateMyRunTests.xctest */ = {isa = PBXFileReference; explicitFileType = wrapper.cfbundle; includeInIndex = 0; path = RateMyRunTests.xctest; sourceTree = BUILT_PRODUCTS_DIR; };
		47F59C1A1E81952400E1A71A /* RateMyRunTests.swift */ = {isa = PBXFileReference; lastKnownFileType = sourcecode.swift; path = RateMyRunTests.swift; sourceTree = "<group>"; };
		47F59C1C1E81952400E1A71A /* Info.plist */ = {isa = PBXFileReference; lastKnownFileType = text.plist.xml; path = Info.plist; sourceTree = "<group>"; };
		47F59C2F1E843A6C00E1A71A /* CommentTableViewController.swift */ = {isa = PBXFileReference; fileEncoding = 4; lastKnownFileType = sourcecode.swift; path = CommentTableViewController.swift; sourceTree = "<group>"; };
		47F9B85E1E96AB8E007121DD /* WriteCommentViewController.swift */ = {isa = PBXFileReference; fileEncoding = 4; lastKnownFileType = sourcecode.swift; path = WriteCommentViewController.swift; sourceTree = "<group>"; };
		47F9B8601E96AFA1007121DD /* CosmosDistrib.swift */ = {isa = PBXFileReference; fileEncoding = 4; lastKnownFileType = sourcecode.swift; path = CosmosDistrib.swift; sourceTree = "<group>"; };
		D6B0129B1EAF99FB00C96B94 /* Mineral.jpg */ = {isa = PBXFileReference; lastKnownFileType = image.jpeg; path = Mineral.jpg; sourceTree = "<group>"; };
		D6B0129D1EAF9A0400C96B94 /* snowbirdMap.jpg */ = {isa = PBXFileReference; lastKnownFileType = image.jpeg; path = snowbirdMap.jpg; sourceTree = "<group>"; };
		D6B0129F1EAF9A0B00C96B94 /* splash.jpg */ = {isa = PBXFileReference; lastKnownFileType = image.jpeg; path = splash.jpg; sourceTree = "<group>"; };
/* End PBXFileReference section */

/* Begin PBXFrameworksBuildPhase section */
		47F59BFC1E81952300E1A71A /* Frameworks */ = {
			isa = PBXFrameworksBuildPhase;
			buildActionMask = 2147483647;
			files = (
			);
			runOnlyForDeploymentPostprocessing = 0;
		};
		47F59C131E81952400E1A71A /* Frameworks */ = {
			isa = PBXFrameworksBuildPhase;
			buildActionMask = 2147483647;
			files = (
			);
			runOnlyForDeploymentPostprocessing = 0;
		};
/* End PBXFrameworksBuildPhase section */

/* Begin PBXGroup section */
		47F59BF61E81952300E1A71A = {
			isa = PBXGroup;
			children = (
				47F59C011E81952300E1A71A /* RateMyRun */,
				47F59C191E81952400E1A71A /* RateMyRunTests */,
				47F59C001E81952300E1A71A /* Products */,
			);
			sourceTree = "<group>";
		};
		47F59C001E81952300E1A71A /* Products */ = {
			isa = PBXGroup;
			children = (
				47F59BFF1E81952300E1A71A /* RateMyRun.app */,
				47F59C161E81952400E1A71A /* RateMyRunTests.xctest */,
			);
			name = Products;
			sourceTree = "<group>";
		};
		47F59C011E81952300E1A71A /* RateMyRun */ = {
			isa = PBXGroup;
			children = (
				D6B0129B1EAF99FB00C96B94 /* Mineral.jpg */,
				D6B0129D1EAF9A0400C96B94 /* snowbirdMap.jpg */,
				D6B0129F1EAF9A0B00C96B94 /* splash.jpg */,
				47F59C021E81952300E1A71A /* AppDelegate.swift */,
				47F59C041E81952300E1A71A /* ViewController.swift */,
				47F59C061E81952300E1A71A /* Main.storyboard */,
				475D1E271EA9BE0A00B270CA /* ResortPageViewController.swift */,
				475D1E231EA9BDE000B270CA /* RegisterPageViewController.swift */,
				475D1E251EA9BDFE00B270CA /* LoginViewController.swift */,
				4701FDA61EA2F67400761243 /* CommentTableViewCell.swift */,
				4744EE771E9D384800DAAA4B /* MapViewController.swift */,
				47F9B8601E96AFA1007121DD /* CosmosDistrib.swift */,
				47F9B85E1E96AB8E007121DD /* WriteCommentViewController.swift */,
				47F59C0C1E81952300E1A71A /* Assets.xcassets */,
				47F59C0E1E81952300E1A71A /* LaunchScreen.storyboard */,
				47F59C111E81952300E1A71A /* Info.plist */,
				47F59C091E81952300E1A71A /* PrototypeTwo.xcdatamodeld */,
				47F59C2F1E843A6C00E1A71A /* CommentTableViewController.swift */,
				475D1E291EA9C17500B270CA /* SecondMapViewController.swift */,
			);
			name = RateMyRun;
			path = PrototypeTwo;
			sourceTree = "<group>";
		};
		47F59C191E81952400E1A71A /* RateMyRunTests */ = {
			isa = PBXGroup;
			children = (
				47F59C1A1E81952400E1A71A /* RateMyRunTests.swift */,
				47F59C1C1E81952400E1A71A /* Info.plist */,
			);
			name = RateMyRunTests;
			path = PrototypeTwoTests;
			sourceTree = "<group>";
		};
/* End PBXGroup section */

/* Begin PBXNativeTarget section */
		47F59BFE1E81952300E1A71A /* RateMyRun */ = {
			isa = PBXNativeTarget;
			buildConfigurationList = 47F59C1F1E81952400E1A71A /* Build configuration list for PBXNativeTarget "RateMyRun" */;
			buildPhases = (
				47F59BFB1E81952300E1A71A /* Sources */,
				47F59BFC1E81952300E1A71A /* Frameworks */,
				47F59BFD1E81952300E1A71A /* Resources */,
			);
			buildRules = (
			);
			dependencies = (
			);
			name = RateMyRun;
			productName = PrototypeTwo;
			productReference = 47F59BFF1E81952300E1A71A /* RateMyRun.app */;
			productType = "com.apple.product-type.application";
		};
		47F59C151E81952400E1A71A /* RateMyRunTests */ = {
			isa = PBXNativeTarget;
			buildConfigurationList = 47F59C221E81952400E1A71A /* Build configuration list for PBXNativeTarget "RateMyRunTests" */;
			buildPhases = (
				47F59C121E81952400E1A71A /* Sources */,
				47F59C131E81952400E1A71A /* Frameworks */,
				47F59C141E81952400E1A71A /* Resources */,
			);
			buildRules = (
			);
			dependencies = (
				47F59C181E81952400E1A71A /* PBXTargetDependency */,
			);
			name = RateMyRunTests;
			productName = PrototypeTwoTests;
			productReference = 47F59C161E81952400E1A71A /* RateMyRunTests.xctest */;
			productType = "com.apple.product-type.bundle.unit-test";
		};
/* End PBXNativeTarget section */

/* Begin PBXProject section */
		47F59BF71E81952300E1A71A /* Project object */ = {
			isa = PBXProject;
			attributes = {
				LastSwiftUpdateCheck = 0820;
				LastUpgradeCheck = 0820;
				ORGANIZATIONNAME = "Natalie Peters";
				TargetAttributes = {
					47F59BFE1E81952300E1A71A = {
						CreatedOnToolsVersion = 8.2.1;
						ProvisioningStyle = Automatic;
					};
					47F59C151E81952400E1A71A = {
						CreatedOnToolsVersion = 8.2.1;
						ProvisioningStyle = Automatic;
						TestTargetID = 47F59BFE1E81952300E1A71A;
					};
				};
			};
			buildConfigurationList = 47F59BFA1E81952300E1A71A /* Build configuration list for PBXProject "RateMyRun" */;
			compatibilityVersion = "Xcode 3.2";
			developmentRegion = English;
			hasScannedForEncodings = 0;
			knownRegions = (
				en,
				Base,
			);
			mainGroup = 47F59BF61E81952300E1A71A;
			productRefGroup = 47F59C001E81952300E1A71A /* Products */;
			projectDirPath = "";
			projectRoot = "";
			targets = (
				47F59BFE1E81952300E1A71A /* RateMyRun */,
				47F59C151E81952400E1A71A /* RateMyRunTests */,
			);
		};
/* End PBXProject section */

/* Begin PBXResourcesBuildPhase section */
		47F59BFD1E81952300E1A71A /* Resources */ = {
			isa = PBXResourcesBuildPhase;
			buildActionMask = 2147483647;
			files = (
				D6B012A01EAF9A0B00C96B94 /* splash.jpg in Resources */,
				47F59C101E81952300E1A71A /* LaunchScreen.storyboard in Resources */,
				D6B0129E1EAF9A0400C96B94 /* snowbirdMap.jpg in Resources */,
				47F59C0D1E81952300E1A71A /* Assets.xcassets in Resources */,
				D6B0129C1EAF99FB00C96B94 /* Mineral.jpg in Resources */,
				47F59C081E81952300E1A71A /* Main.storyboard in Resources */,
			);
			runOnlyForDeploymentPostprocessing = 0;
		};
		47F59C141E81952400E1A71A /* Resources */ = {
			isa = PBXResourcesBuildPhase;
			buildActionMask = 2147483647;
			files = (
			);
			runOnlyForDeploymentPostprocessing = 0;
		};
/* End PBXResourcesBuildPhase section */

/* Begin PBXSourcesBuildPhase section */
		47F59BFB1E81952300E1A71A /* Sources */ = {
			isa = PBXSourcesBuildPhase;
			buildActionMask = 2147483647;
			files = (
				475D1E241EA9BDE000B270CA /* RegisterPageViewController.swift in Sources */,
				475D1E2A1EA9C17500B270CA /* SecondMapViewController.swift in Sources */,
				4701FDA71EA2F67400761243 /* CommentTableViewCell.swift in Sources */,
				47F9B85F1E96AB8E007121DD /* WriteCommentViewController.swift in Sources */,
				47F59C301E843A6C00E1A71A /* CommentTableViewController.swift in Sources */,
				475D1E281EA9BE0A00B270CA /* ResortPageViewController.swift in Sources */,
				4744EE781E9D384800DAAA4B /* MapViewController.swift in Sources */,
				47F59C0B1E81952300E1A71A /* PrototypeTwo.xcdatamodeld in Sources */,
				475D1E261EA9BDFE00B270CA /* LoginViewController.swift in Sources */,
				47F9B8611E96AFA1007121DD /* CosmosDistrib.swift in Sources */,
				47F59C051E81952300E1A71A /* ViewController.swift in Sources */,
				47F59C031E81952300E1A71A /* AppDelegate.swift in Sources */,
			);
			runOnlyForDeploymentPostprocessing = 0;
		};
		47F59C121E81952400E1A71A /* Sources */ = {
			isa = PBXSourcesBuildPhase;
			buildActionMask = 2147483647;
			files = (
				47F59C1B1E81952400E1A71A /* RateMyRunTests.swift in Sources */,
			);
			runOnlyForDeploymentPostprocessing = 0;
		};
/* End PBXSourcesBuildPhase section */

/* Begin PBXTargetDependency section */
		47F59C181E81952400E1A71A /* PBXTargetDependency */ = {
			isa = PBXTargetDependency;
			target = 47F59BFE1E81952300E1A71A /* RateMyRun */;
			targetProxy = 47F59C171E81952400E1A71A /* PBXContainerItemProxy */;
		};
/* End PBXTargetDependency section */

/* Begin PBXVariantGroup section */
		47F59C061E81952300E1A71A /* Main.storyboard */ = {
			isa = PBXVariantGroup;
			children = (
				47F59C071E81952300E1A71A /* Base */,
			);
			name = Main.storyboard;
			sourceTree = "<group>";
		};
		47F59C0E1E81952300E1A71A /* LaunchScreen.storyboard */ = {
			isa = PBXVariantGroup;
			children = (
				47F59C0F1E81952300E1A71A /* Base */,
			);
			name = LaunchScreen.storyboard;
			sourceTree = "<group>";
		};
/* End PBXVariantGroup section */

/* Begin XCBuildConfiguration section */
		47F59C1D1E81952400E1A71A /* Debug */ = {
			isa = XCBuildConfiguration;
			buildSettings = {
				ALWAYS_SEARCH_USER_PATHS = NO;
				CLANG_ANALYZER_NONNULL = YES;
				CLANG_CXX_LANGUAGE_STANDARD = "gnu++0x";
				CLANG_CXX_LIBRARY = "libc++";
				CLANG_ENABLE_MODULES = YES;
				CLANG_ENABLE_OBJC_ARC = YES;
				CLANG_WARN_BOOL_CONVERSION = YES;
				CLANG_WARN_CONSTANT_CONVERSION = YES;
				CLANG_WARN_DIRECT_OBJC_ISA_USAGE = YES_ERROR;
				CLANG_WARN_DOCUMENTATION_COMMENTS = YES;
				CLANG_WARN_EMPTY_BODY = YES;
				CLANG_WARN_ENUM_CONVERSION = YES;
				CLANG_WARN_INFINITE_RECURSION = YES;
				CLANG_WARN_INT_CONVERSION = YES;
				CLANG_WARN_OBJC_ROOT_CLASS = YES_ERROR;
				CLANG_WARN_SUSPICIOUS_MOVE = YES;
				CLANG_WARN_UNREACHABLE_CODE = YES;
				CLANG_WARN__DUPLICATE_METHOD_MATCH = YES;
				"CODE_SIGN_IDENTITY[sdk=iphoneos*]" = "iPhone Developer";
				COPY_PHASE_STRIP = NO;
				DEBUG_INFORMATION_FORMAT = dwarf;
				ENABLE_STRICT_OBJC_MSGSEND = YES;
				ENABLE_TESTABILITY = YES;
				GCC_C_LANGUAGE_STANDARD = gnu99;
				GCC_DYNAMIC_NO_PIC = NO;
				GCC_NO_COMMON_BLOCKS = YES;
				GCC_OPTIMIZATION_LEVEL = 0;
				GCC_PREPROCESSOR_DEFINITIONS = (
					"DEBUG=1",
					"$(inherited)",
				);
				GCC_WARN_64_TO_32_BIT_CONVERSION = YES;
				GCC_WARN_ABOUT_RETURN_TYPE = YES_ERROR;
				GCC_WARN_UNDECLARED_SELECTOR = YES;
				GCC_WARN_UNINITIALIZED_AUTOS = YES_AGGRESSIVE;
				GCC_WARN_UNUSED_FUNCTION = YES;
				GCC_WARN_UNUSED_VARIABLE = YES;
				IPHONEOS_DEPLOYMENT_TARGET = 10.2;
				MTL_ENABLE_DEBUG_INFO = YES;
				ONLY_ACTIVE_ARCH = YES;
				SDKROOT = iphoneos;
				SWIFT_ACTIVE_COMPILATION_CONDITIONS = DEBUG;
				SWIFT_OPTIMIZATION_LEVEL = "-Onone";
				TARGETED_DEVICE_FAMILY = "1,2";
			};
			name = Debug;
		};
		47F59C1E1E81952400E1A71A /* Release */ = {
			isa = XCBuildConfiguration;
			buildSettings = {
				ALWAYS_SEARCH_USER_PATHS = NO;
				CLANG_ANALYZER_NONNULL = YES;
				CLANG_CXX_LANGUAGE_STANDARD = "gnu++0x";
				CLANG_CXX_LIBRARY = "libc++";
				CLANG_ENABLE_MODULES = YES;
				CLANG_ENABLE_OBJC_ARC = YES;
				CLANG_WARN_BOOL_CONVERSION = YES;
				CLANG_WARN_CONSTANT_CONVERSION = YES;
				CLANG_WARN_DIRECT_OBJC_ISA_USAGE = YES_ERROR;
				CLANG_WARN_DOCUMENTATION_COMMENTS = YES;
				CLANG_WARN_EMPTY_BODY = YES;
				CLANG_WARN_ENUM_CONVERSION = YES;
				CLANG_WARN_INFINITE_RECURSION = YES;
				CLANG_WARN_INT_CONVERSION = YES;
				CLANG_WARN_OBJC_ROOT_CLASS = YES_ERROR;
				CLANG_WARN_SUSPICIOUS_MOVE = YES;
				CLANG_WARN_UNREACHABLE_CODE = YES;
				CLANG_WARN__DUPLICATE_METHOD_MATCH = YES;
				"CODE_SIGN_IDENTITY[sdk=iphoneos*]" = "iPhone Developer";
				COPY_PHASE_STRIP = NO;
				DEBUG_INFORMATION_FORMAT = "dwarf-with-dsym";
				ENABLE_NS_ASSERTIONS = NO;
				ENABLE_STRICT_OBJC_MSGSEND = YES;
				GCC_C_LANGUAGE_STANDARD = gnu99;
				GCC_NO_COMMON_BLOCKS = YES;
				GCC_WARN_64_TO_32_BIT_CONVERSION = YES;
				GCC_WARN_ABOUT_RETURN_TYPE = YES_ERROR;
				GCC_WARN_UNDECLARED_SELECTOR = YES;
				GCC_WARN_UNINITIALIZED_AUTOS = YES_AGGRESSIVE;
				GCC_WARN_UNUSED_FUNCTION = YES;
				GCC_WARN_UNUSED_VARIABLE = YES;
				IPHONEOS_DEPLOYMENT_TARGET = 10.2;
				MTL_ENABLE_DEBUG_INFO = NO;
				SDKROOT = iphoneos;
				SWIFT_OPTIMIZATION_LEVEL = "-Owholemodule";
				TARGETED_DEVICE_FAMILY = "1,2";
				VALIDATE_PRODUCT = YES;
			};
			name = Release;
		};
		47F59C201E81952400E1A71A /* Debug */ = {
			isa = XCBuildConfiguration;
			buildSettings = {
				ASSETCATALOG_COMPILER_APPICON_NAME = AppIcon;
				INFOPLIST_FILE = PrototypeTwo/Info.plist;
				LD_RUNPATH_SEARCH_PATHS = "$(inherited) @executable_path/Frameworks";
				PRODUCT_BUNDLE_IDENTIFIER = com.PrototypeTwo;
				PRODUCT_NAME = "$(TARGET_NAME)";
				SWIFT_VERSION = 3.0;
			};
			name = Debug;
		};
		47F59C211E81952400E1A71A /* Release */ = {
			isa = XCBuildConfiguration;
			buildSettings = {
				ASSETCATALOG_COMPILER_APPICON_NAME = AppIcon;
				INFOPLIST_FILE = PrototypeTwo/Info.plist;
				LD_RUNPATH_SEARCH_PATHS = "$(inherited) @executable_path/Frameworks";
				PRODUCT_BUNDLE_IDENTIFIER = com.PrototypeTwo;
				PRODUCT_NAME = "$(TARGET_NAME)";
				SWIFT_VERSION = 3.0;
			};
			name = Release;
		};
		47F59C231E81952400E1A71A /* Debug */ = {
			isa = XCBuildConfiguration;
			buildSettings = {
				ALWAYS_EMBED_SWIFT_STANDARD_LIBRARIES = YES;
				BUNDLE_LOADER = "$(TEST_HOST)";
				INFOPLIST_FILE = PrototypeTwoTests/Info.plist;
				LD_RUNPATH_SEARCH_PATHS = "$(inherited) @executable_path/Frameworks @loader_path/Frameworks";
				PRODUCT_BUNDLE_IDENTIFIER = com.PrototypeTwoTests;
				PRODUCT_NAME = "$(TARGET_NAME)";
				SWIFT_VERSION = 3.0;
				TEST_HOST = "$(BUILT_PRODUCTS_DIR)/RateMyRun.app/RateMyRun";
			};
			name = Debug;
		};
		47F59C241E81952400E1A71A /* Release */ = {
			isa = XCBuildConfiguration;
			buildSettings = {
				ALWAYS_EMBED_SWIFT_STANDARD_LIBRARIES = YES;
				BUNDLE_LOADER = "$(TEST_HOST)";
				INFOPLIST_FILE = PrototypeTwoTests/Info.plist;
				LD_RUNPATH_SEARCH_PATHS = "$(inherited) @executable_path/Frameworks @loader_path/Frameworks";
				PRODUCT_BUNDLE_IDENTIFIER = com.PrototypeTwoTests;
				PRODUCT_NAME = "$(TARGET_NAME)";
				SWIFT_VERSION = 3.0;
				TEST_HOST = "$(BUILT_PRODUCTS_DIR)/RateMyRun.app/RateMyRun";
			};
			name = Release;
		};
/* End XCBuildConfiguration section */

/* Begin XCConfigurationList section */
		47F59BFA1E81952300E1A71A /* Build configuration list for PBXProject "RateMyRun" */ = {
			isa = XCConfigurationList;
			buildConfigurations = (
				47F59C1D1E81952400E1A71A /* Debug */,
				47F59C1E1E81952400E1A71A /* Release */,
			);
			defaultConfigurationIsVisible = 0;
			defaultConfigurationName = Release;
		};
		47F59C1F1E81952400E1A71A /* Build configuration list for PBXNativeTarget "RateMyRun" */ = {
			isa = XCConfigurationList;
			buildConfigurations = (
				47F59C201E81952400E1A71A /* Debug */,
				47F59C211E81952400E1A71A /* Release */,
			);
			defaultConfigurationIsVisible = 0;
			defaultConfigurationName = Release;
		};
		47F59C221E81952400E1A71A /* Build configuration list for PBXNativeTarget "RateMyRunTests" */ = {
			isa = XCConfigurationList;
			buildConfigurations = (
				47F59C231E81952400E1A71A /* Debug */,
				47F59C241E81952400E1A71A /* Release */,
			);
			defaultConfigurationIsVisible = 0;
			defaultConfigurationName = Release;
		};
/* End XCConfigurationList section */

/* Begin XCVersionGroup section */
		47F59C091E81952300E1A71A /* PrototypeTwo.xcdatamodeld */ = {
			isa = XCVersionGroup;
			children = (
				47F59C0A1E81952300E1A71A /* PrototypeTwo.xcdatamodel */,
			);
			currentVersion = 47F59C0A1E81952300E1A71A /* PrototypeTwo.xcdatamodel */;
			path = PrototypeTwo.xcdatamodeld;
			sourceTree = "<group>";
			versionGroupType = wrapper.xcdatamodel;
		};
/* End XCVersionGroup section */
	};
	rootObject = 47F59BF71E81952300E1A71A /* Project object */;
}
